# This file is generated by running "yarn install" inside your project.
# Manual changes might be lost - proceed with caution!

__metadata:
  version: 8
  cacheKey: 10c0

"@blocksense/contracts@workspace:libs/contracts":
  version: 0.0.0-use.local
  resolution: "@blocksense/contracts@workspace:libs/contracts"
  languageName: unknown
  linkType: soft

"@blocksense/monorepo@workspace:.":
  version: 0.0.0-use.local
  resolution: "@blocksense/monorepo@workspace:."
  languageName: unknown
  linkType: soft
